
Microsoft Visual Studio Solution File, Format Version 12.00
# Visual Studio Version 17
VisualStudioVersion = 17.7.34009.444
MinimumVisualStudioVersion = 10.0.40219.1
Project("{FAE04EC0-301F-11D3-BF4B-00C04F79EFBC}") = "BankingConsoleApi", "BankingConsoleApi\BankingConsoleApi.csproj", "{47D07316-7447-48F5-9C8D-2EAB3523A162}"
EndProject
Global
	GlobalSection(SolutionConfigurationPlatforms) = preSolution
		Debug|Any CPU = Debug|Any CPU
		Release|Any CPU = Release|Any CPU
	EndGlobalSection
	GlobalSection(ProjectConfigurationPlatforms) = postSolution
		{47D07316-7447-48F5-9C8D-2EAB3523A162}.Debug|Any CPU.ActiveCfg = Debug|Any CPU
		{47D07316-7447-48F5-9C8D-2EAB3523A162}.Debug|Any CPU.Build.0 = Debug|Any CPU
		{47D07316-7447-48F5-9C8D-2EAB3523A162}.Release|Any CPU.ActiveCfg = Release|Any CPU
		{47D07316-7447-48F5-9C8D-2EAB3523A162}.Release|Any CPU.Build.0 = Release|Any CPU
	EndGlobalSection
	GlobalSection(SolutionProperties) = preSolution
		HideSolutionNode = FALSE
	EndGlobalSection
	GlobalSection(ExtensibilityGlobals) = postSolution
		SolutionGuid = {2D43CEA5-5934-4861-B375-E6CB634A0F71}
	EndGlobalSection
EndGlobal
